<?xml version="1.0" encoding="utf-8"?>
<Project ToolsVersion="4.0" xmlns="http://schemas.microsoft.com/developer/msbuild/2003">
  <ItemGroup>
    <Filter Include="states">
      <UniqueIdentifier>{542ec666-7c31-4696-9b30-c5c7da1d98a3}</UniqueIdentifier>
    </Filter>
    <Filter Include="content">
      <UniqueIdentifier>{476f048c-da8d-4ca9-b1a9-31f24fcd2871}</UniqueIdentifier>
    </Filter>
    <Filter Include="content\dialogs">
      <UniqueIdentifier>{e3ee85ee-179c-4dab-adc6-3304b01f64a4}</UniqueIdentifier>
    </Filter>
    <Filter Include="content\resources">
      <UniqueIdentifier>{445223f6-9972-4b71-b36e-a989f80f85ba}</UniqueIdentifier>
    </Filter>
    <Filter Include="content\particles">
      <UniqueIdentifier>{7ef10cf8-8119-44c7-a981-e2774ea54e2f}</UniqueIdentifier>
    </Filter>
    <Filter Include="content\shaders">
      <UniqueIdentifier>{12d73df3-e8d2-4f4b-ac8e-6c879f5eb9f4}</UniqueIdentifier>
    </Filter>
  </ItemGroup>
  <ItemGroup>
    <ClCompile Include="src\Minesweeper.cpp" />
    <ClCompile Include="src\HexGrid.cpp" />
    <ClCompile Include="src\gamestates\GameOverState.cpp">
      <Filter>states</Filter>
    </ClCompile>
    <ClCompile Include="src\gamestates\MainGameState.cpp">
      <Filter>states</Filter>
    </ClCompile>
    <ClCompile Include="src\gamestates\MainMenuState.cpp">
      <Filter>states</Filter>
    </ClCompile>
    <ClCompile Include="src\gamestates\HighscoreState.cpp">
      <Filter>states</Filter>
    </ClCompile>
    <ClCompile Include="src\Highscores.cpp" />
    <ClCompile Include="src\gamestates\IntroState.cpp">
      <Filter>states</Filter>
    </ClCompile>
    <ClCompile Include="src\gamestates\TestState.cpp">
      <Filter>states</Filter>
    </ClCompile>
    <ClCompile Include="src\Board.cpp" />
    <ClCompile Include="src\Map.cpp" />
    <ClCompile Include="src\gamestates\RunState.cpp">
      <Filter>states</Filter>
    </ClCompile>
  </ItemGroup>
  <ItemGroup>
    <ClInclude Include="resource.h" />
    <ClInclude Include="src\Minesweeper.h" />
    <ClInclude Include="src\Constants.h" />
    <ClInclude Include="src\GameContext.h" />
    <ClInclude Include="src\HexGrid.h" />
    <ClInclude Include="src\gamestates\GameOverState.h">
      <Filter>states</Filter>
    </ClInclude>
    <ClInclude Include="src\gamestates\MainGameState.h">
      <Filter>states</Filter>
    </ClInclude>
    <ClInclude Include="src\gamestates\MainMenuState.h">
      <Filter>states</Filter>
    </ClInclude>
    <ClInclude Include="src\gamestates\HighscoreState.h">
      <Filter>states</Filter>
    </ClInclude>
    <ClInclude Include="src\Highscores.h" />
    <ClInclude Include="src\gamestates\IntroState.h">
      <Filter>states</Filter>
    </ClInclude>
    <ClInclude Include="src\gamestates\TestState.h">
      <Filter>states</Filter>
    </ClInclude>
    <ClInclude Include="src\Board.h" />
    <ClInclude Include="src\Map.h" />
    <ClInclude Include="src\GameSettings.h" />
    <ClInclude Include="src\gamestates\RunState.h">
      <Filter>states</Filter>
    </ClInclude>
  </ItemGroup>
  <ItemGroup>
    <None Include="Minesweeper.manifest" />
    <None Include="content\resources\xscale.json">
      <Filter>content\resources</Filter>
    </None>
    <None Include="README.md" />
    <None Include="TODO.md" />
    <None Include="content\dialogs\test_dialog.json">
      <Filter>content\dialogs</Filter>
    </None>
    <None Include="content\engine_settings.json">
      <Filter>content</Filter>
    </None>
    <None Include="content\dialogs\GameOver.json">
      <Filter>content\dialogs</Filter>
    </None>
    <None Include="content\dialogs\Highscores.json">
      <Filter>content\dialogs</Filter>
    </None>
    <None Include="content\dialogs\MainMenu.json">
      <Filter>content\dialogs</Filter>
    </None>
    <None Include="content\dialogs\HUD.json">
      <Filter>content\dialogs</Filter>
    </None>
    <None Include="content\resources.json">
      <Filter>content</Filter>
    </None>
    <None Include="content\resources\gui_font.json">
      <Filter>content\resources</Filter>
    </None>
    <None Include="content\particles\explosion.json">
      <Filter>content\particles</Filter>
    </None>
    <None Include="content\particles\particlesystems.json">
      <Filter>content\particles</Filter>
    </None>
    <None Include="content\particles\inner_explosion.json">
      <Filter>content\particles</Filter>
    </None>
    <None Include="content\particles\streaks.json">
      <Filter>content\particles</Filter>
    </None>
  </ItemGroup>
  <ItemGroup>
    <ResourceCompile Include="Minesweeper.rc" />
  </ItemGroup>
</Project>