<?xml version="1.0" encoding="utf-8"?>
<Project ToolsVersion="4.0" xmlns="http://schemas.microsoft.com/developer/msbuild/2003">
  <ItemGroup>
    <Filter Include="states">
      <UniqueIdentifier>{542ec666-7c31-4696-9b30-c5c7da1d98a3}</UniqueIdentifier>
    </Filter>
    <Filter Include="content">
      <UniqueIdentifier>{476f048c-da8d-4ca9-b1a9-31f24fcd2871}</UniqueIdentifier>
    </Filter>
    <Filter Include="content\dialogs">
      <UniqueIdentifier>{e3ee85ee-179c-4dab-adc6-3304b01f64a4}</UniqueIdentifier>
    </Filter>
    <Filter Include="content\resources">
      <UniqueIdentifier>{445223f6-9972-4b71-b36e-a989f80f85ba}</UniqueIdentifier>
    </Filter>
  </ItemGroup>
  <ItemGroup>
    <ClCompile Include="src\Minesweeper.cpp" />
    <ClCompile Include="src\HexGrid.cpp" />
    <ClCompile Include="src\gamestates\GameOverState.cpp">
      <Filter>states</Filter>
    </ClCompile>
    <ClCompile Include="src\gamestates\MainGameState.cpp">
      <Filter>states</Filter>
    </ClCompile>
    <ClCompile Include="src\gamestates\MainMenuState.cpp">
      <Filter>states</Filter>
    </ClCompile>
    <ClCompile Include="src\gamestates\HighscoreState.cpp">
      <Filter>states</Filter>
    </ClCompile>
    <ClCompile Include="src\Highscores.cpp" />
  </ItemGroup>
  <ItemGroup>
    <ClInclude Include="resource.h" />
    <ClInclude Include="src\Minesweeper.h" />
    <ClInclude Include="src\Constants.h" />
    <ClInclude Include="src\GameContext.h" />
    <ClInclude Include="src\HexGrid.h" />
    <ClInclude Include="src\gamestates\GameOverState.h">
      <Filter>states</Filter>
    </ClInclude>
    <ClInclude Include="src\gamestates\MainGameState.h">
      <Filter>states</Filter>
    </ClInclude>
    <ClInclude Include="src\gamestates\MainMenuState.h">
      <Filter>states</Filter>
    </ClInclude>
    <ClInclude Include="src\gamestates\HighscoreState.h">
      <Filter>states</Filter>
    </ClInclude>
    <ClInclude Include="src\Highscores.h" />
  </ItemGroup>
  <ItemGroup>
    <None Include="Minesweeper.manifest" />
    <None Include="content\dialogs\game_over.json">
      <Filter>content\dialogs</Filter>
    </None>
    <None Include="content\dialogs\highscores.json">
      <Filter>content\dialogs</Filter>
    </None>
    <None Include="content\dialogs\main_menu.json">
      <Filter>content\dialogs</Filter>
    </None>
    <None Include="content\resources\gui.json">
      <Filter>content\resources</Filter>
    </None>
    <None Include="content\resources\hud.json">
      <Filter>content\resources</Filter>
    </None>
    <None Include="content\resources\xscale.json">
      <Filter>content\resources</Filter>
    </None>
    <None Include="README.md" />
    <None Include="TODO.md" />
  </ItemGroup>
  <ItemGroup>
    <ResourceCompile Include="Minesweeper.rc" />
  </ItemGroup>
</Project>